
Microsoft Visual Studio Solution File, Format Version 12.00
# Visual Studio Version 17
VisualStudioVersion = 17.0.32126.317
MinimumVisualStudioVersion = 10.0.40219.1
Project("{8BC9CEB8-8B4A-11D0-8D11-00A0C91BC942}") = "ConsoleApplication2", "ConsoleApplication2.vcxproj", "{947C4438-A699-492D-9198-42283172F513}"
EndProject
Global
	GlobalSection(SolutionConfigurationPlatforms) = preSolution
		Debug|x64 = Debug|x64
		Debug|x86 = Debug|x86
		Release|x64 = Release|x64
		Release|x86 = Release|x86
	EndGlobalSection
	GlobalSection(ProjectConfigurationPlatforms) = postSolution
		{947C4438-A699-492D-9198-42283172F513}.Debug|x64.ActiveCfg = Debug|x64
		{947C4438-A699-492D-9198-42283172F513}.Debug|x64.Build.0 = Debug|x64
		{947C4438-A699-492D-9198-42283172F513}.Debug|x86.ActiveCfg = Debug|Win32
		{947C4438-A699-492D-9198-42283172F513}.Debug|x86.Build.0 = Debug|Win32
		{947C4438-A699-492D-9198-42283172F513}.Release|x64.ActiveCfg = Release|x64
		{947C4438-A699-492D-9198-42283172F513}.Release|x64.Build.0 = Release|x64
		{947C4438-A699-492D-9198-42283172F513}.Release|x86.ActiveCfg = Release|Win32
		{947C4438-A699-492D-9198-42283172F513}.Release|x86.Build.0 = Release|Win32
	EndGlobalSection
	GlobalSection(SolutionProperties) = preSolution
		HideSolutionNode = FALSE
	EndGlobalSection
	GlobalSection(ExtensibilityGlobals) = postSolution
		SolutionGuid = {FDB1972E-AD41-4E50-A298-0C733804EC96}
	EndGlobalSection
EndGlobal
